
Microsoft Visual Studio Solution File, Format Version 12.00
# Visual Studio Version 17
VisualStudioVersion = 17.1.32210.238
MinimumVisualStudioVersion = 10.0.40219.1
Project("{9A19103F-16F7-4668-BE54-9A1E7A4F7556}") = "EaPdf", "EaPdf\EaPdf.csproj", "{19F6A151-BC5F-48C1-80D5-1FF4E21758BA}"
EndProject
Project("{9A19103F-16F7-4668-BE54-9A1E7A4F7556}") = "TestEaPdf", "TestEaPdf\TestEaPdf.csproj", "{78295937-D598-42E5-B896-7948EBE30972}"
EndProject
Project("{2150E333-8FDC-42A3-9474-1A3956D46DE8}") = "Solution Items", "Solution Items", "{100AE2D8-47A2-44F6-B8AE-B01180FA323C}"
	ProjectSection(SolutionItems) = preProject
		BONEYARD.md = BONEYARD.md
		DEV_NOTES.md = DEV_NOTES.md
		DPM.md = DPM.md
		LICENSE.md = LICENSE.md
		README.md = README.md
	EndProjectSection
EndProject
Project("{2150E333-8FDC-42A3-9474-1A3956D46DE8}") = "SampleFiles", "SampleFiles", "{0C7BCAA5-D029-4DC8-9134-1C215F4E471E}"
EndProject
Project("{2150E333-8FDC-42A3-9474-1A3956D46DE8}") = "MozillaThunderbird", "MozillaThunderbird", "{3ED14E52-BE9B-4856-8FCE-49A975CD029E}"
	ProjectSection(SolutionItems) = preProject
		SampleFiles\Testing\MozillaThunderbird\DLF Distributed Library = SampleFiles\Testing\MozillaThunderbird\DLF Distributed Library
		SampleFiles\Testing\MozillaThunderbird\DLF Distributed Library.msf = SampleFiles\Testing\MozillaThunderbird\DLF Distributed Library.msf
		SampleFiles\Testing\MozillaThunderbird\Drafts = SampleFiles\Testing\MozillaThunderbird\Drafts
		SampleFiles\Testing\MozillaThunderbird\Drafts.msf = SampleFiles\Testing\MozillaThunderbird\Drafts.msf
		SampleFiles\Testing\MozillaThunderbird\Inbox = SampleFiles\Testing\MozillaThunderbird\Inbox
		SampleFiles\Testing\MozillaThunderbird\INBOX.msf = SampleFiles\Testing\MozillaThunderbird\INBOX.msf
	EndProjectSection
EndProject
Project("{2150E333-8FDC-42A3-9474-1A3956D46DE8}") = "Pine", "Pine", "{A623C912-2DD1-4DDD-A5B5-D0FD8BF7B102}"
	ProjectSection(SolutionItems) = preProject
		SampleFiles\Testing\Pine\sent-mail-aug-2007 = SampleFiles\Testing\Pine\sent-mail-aug-2007
		SampleFiles\Testing\Pine\sent-mail-jul-2003 = SampleFiles\Testing\Pine\sent-mail-jul-2003
		SampleFiles\Testing\Pine\sent-mail-jul-2005 = SampleFiles\Testing\Pine\sent-mail-jul-2005
		SampleFiles\Testing\Pine\sent-mail-jul-2006 = SampleFiles\Testing\Pine\sent-mail-jul-2006
		SampleFiles\Testing\Pine\sent-mail-jun-2000 = SampleFiles\Testing\Pine\sent-mail-jun-2000
		SampleFiles\Testing\Pine\sent-mail-jun-2001 = SampleFiles\Testing\Pine\sent-mail-jun-2001
		SampleFiles\Testing\Pine\sent-mail-jun-2002 = SampleFiles\Testing\Pine\sent-mail-jun-2002
		SampleFiles\Testing\Pine\sent-mail-jun-2003 = SampleFiles\Testing\Pine\sent-mail-jun-2003
		SampleFiles\Testing\Pine\sent-mail-jun-2004 = SampleFiles\Testing\Pine\sent-mail-jun-2004
		SampleFiles\Testing\Pine\sent-mail-jun-2006 = SampleFiles\Testing\Pine\sent-mail-jun-2006
		SampleFiles\Testing\Pine\sent-mail-jun-2007 = SampleFiles\Testing\Pine\sent-mail-jun-2007
		SampleFiles\Testing\Pine\sent-mail-jun-2008 = SampleFiles\Testing\Pine\sent-mail-jun-2008
		SampleFiles\Testing\Pine\sent-mail-jun-2009 = SampleFiles\Testing\Pine\sent-mail-jun-2009
		SampleFiles\Testing\Pine\sent-mail-mar-2000 = SampleFiles\Testing\Pine\sent-mail-mar-2000
		SampleFiles\Testing\Pine\sent-mail-mar-2001 = SampleFiles\Testing\Pine\sent-mail-mar-2001
		SampleFiles\Testing\Pine\sent-mail-mar-2002 = SampleFiles\Testing\Pine\sent-mail-mar-2002
		SampleFiles\Testing\Pine\sent-mail-mar-2004 = SampleFiles\Testing\Pine\sent-mail-mar-2004
		SampleFiles\Testing\Pine\sent-mail-mar-2005 = SampleFiles\Testing\Pine\sent-mail-mar-2005
		SampleFiles\Testing\Pine\sent-mail-mar-2006 = SampleFiles\Testing\Pine\sent-mail-mar-2006
		SampleFiles\Testing\Pine\sent-mail-mar-2009 = SampleFiles\Testing\Pine\sent-mail-mar-2009
		SampleFiles\Testing\Pine\sent-mail-may-2000 = SampleFiles\Testing\Pine\sent-mail-may-2000
		SampleFiles\Testing\Pine\sent-mail-may-2001 = SampleFiles\Testing\Pine\sent-mail-may-2001
		SampleFiles\Testing\Pine\sent-mail-may-2002 = SampleFiles\Testing\Pine\sent-mail-may-2002
		SampleFiles\Testing\Pine\sent-mail-may-2004 = SampleFiles\Testing\Pine\sent-mail-may-2004
		SampleFiles\Testing\Pine\sent-mail-may-2005 = SampleFiles\Testing\Pine\sent-mail-may-2005
		SampleFiles\Testing\Pine\sent-mail-may-2006 = SampleFiles\Testing\Pine\sent-mail-may-2006
		SampleFiles\Testing\Pine\sent-mail-may-2007 = SampleFiles\Testing\Pine\sent-mail-may-2007
		SampleFiles\Testing\Pine\sent-mail-may-2008 = SampleFiles\Testing\Pine\sent-mail-may-2008
		SampleFiles\Testing\Pine\sent-mail-may-2009 = SampleFiles\Testing\Pine\sent-mail-may-2009
		SampleFiles\Testing\Pine\sent-mail-nov-1999 = SampleFiles\Testing\Pine\sent-mail-nov-1999
		SampleFiles\Testing\Pine\sent-mail-nov-2000 = SampleFiles\Testing\Pine\sent-mail-nov-2000
		SampleFiles\Testing\Pine\sent-mail-nov-2001 = SampleFiles\Testing\Pine\sent-mail-nov-2001
		SampleFiles\Testing\Pine\sent-mail-nov-2002 = SampleFiles\Testing\Pine\sent-mail-nov-2002
		SampleFiles\Testing\Pine\sent-mail-nov-2003 = SampleFiles\Testing\Pine\sent-mail-nov-2003
		SampleFiles\Testing\Pine\sent-mail-nov-2004 = SampleFiles\Testing\Pine\sent-mail-nov-2004
		SampleFiles\Testing\Pine\sent-mail-nov-2005 = SampleFiles\Testing\Pine\sent-mail-nov-2005
		SampleFiles\Testing\Pine\sent-mail-nov-2006 = SampleFiles\Testing\Pine\sent-mail-nov-2006
		SampleFiles\Testing\Pine\sent-mail-nov-2007 = SampleFiles\Testing\Pine\sent-mail-nov-2007
		SampleFiles\Testing\Pine\sent-mail-nov-2008 = SampleFiles\Testing\Pine\sent-mail-nov-2008
		SampleFiles\Testing\Pine\sent-mail-oct-1999 = SampleFiles\Testing\Pine\sent-mail-oct-1999
		SampleFiles\Testing\Pine\sent-mail-oct-2000 = SampleFiles\Testing\Pine\sent-mail-oct-2000
		SampleFiles\Testing\Pine\sent-mail-oct-2001 = SampleFiles\Testing\Pine\sent-mail-oct-2001
		SampleFiles\Testing\Pine\sent-mail-oct-2002 = SampleFiles\Testing\Pine\sent-mail-oct-2002
		SampleFiles\Testing\Pine\sent-mail-oct-2003 = SampleFiles\Testing\Pine\sent-mail-oct-2003
		SampleFiles\Testing\Pine\sent-mail-oct-2004 = SampleFiles\Testing\Pine\sent-mail-oct-2004
		SampleFiles\Testing\Pine\sent-mail-oct-2005 = SampleFiles\Testing\Pine\sent-mail-oct-2005
		SampleFiles\Testing\Pine\sent-mail-oct-2006 = SampleFiles\Testing\Pine\sent-mail-oct-2006
		SampleFiles\Testing\Pine\sent-mail-oct-2007 = SampleFiles\Testing\Pine\sent-mail-oct-2007
		SampleFiles\Testing\Pine\sent-mail-oct-2008 = SampleFiles\Testing\Pine\sent-mail-oct-2008
		SampleFiles\Testing\Pine\sent-mail-sep-2000 = SampleFiles\Testing\Pine\sent-mail-sep-2000
		SampleFiles\Testing\Pine\sent-mail-sep-2001 = SampleFiles\Testing\Pine\sent-mail-sep-2001
		SampleFiles\Testing\Pine\sent-mail-sep-2002 = SampleFiles\Testing\Pine\sent-mail-sep-2002
		SampleFiles\Testing\Pine\sent-mail-sep-2003 = SampleFiles\Testing\Pine\sent-mail-sep-2003
		SampleFiles\Testing\Pine\sent-mail-sep-2005 = SampleFiles\Testing\Pine\sent-mail-sep-2005
		SampleFiles\Testing\Pine\sent-mail-sep-2006 = SampleFiles\Testing\Pine\sent-mail-sep-2006
		SampleFiles\Testing\Pine\sent-mail-sep-2007 = SampleFiles\Testing\Pine\sent-mail-sep-2007
		SampleFiles\Testing\Pine\sent-mail-sept-2004 = SampleFiles\Testing\Pine\sent-mail-sept-2004
		SampleFiles\Testing\Pine\sent-mail-sept-2008 = SampleFiles\Testing\Pine\sent-mail-sept-2008
	EndProjectSection
EndProject
Project("{2150E333-8FDC-42A3-9474-1A3956D46DE8}") = "DLF Distributed Library.sbd", "DLF Distributed Library.sbd", "{A45E2730-0F3F-4140-ABD3-8CBE977E3BF3}"
	ProjectSection(SolutionItems) = preProject
		SampleFiles\Testing\MozillaThunderbird\DLF Distributed Library.sbd\Emory OAI Workshop = SampleFiles\Testing\MozillaThunderbird\DLF Distributed Library.sbd\Emory OAI Workshop
		SampleFiles\Testing\MozillaThunderbird\DLF Distributed Library.sbd\Emory OAI Workshop.msf = SampleFiles\Testing\MozillaThunderbird\DLF Distributed Library.sbd\Emory OAI Workshop.msf
		SampleFiles\Testing\MozillaThunderbird\DLF Distributed Library.sbd\ScholarsPanel2006-05-23 = SampleFiles\Testing\MozillaThunderbird\DLF Distributed Library.sbd\ScholarsPanel2006-05-23
		SampleFiles\Testing\MozillaThunderbird\DLF Distributed Library.sbd\ScholarsPanel2006-05-23.msf = SampleFiles\Testing\MozillaThunderbird\DLF Distributed Library.sbd\ScholarsPanel2006-05-23.msf
	EndProjectSection
EndProject
Project("{2150E333-8FDC-42A3-9474-1A3956D46DE8}") = "Gmail", "Gmail", "{D032670D-8F79-4A35-A910-2242D0A1A430}"
	ProjectSection(SolutionItems) = preProject
		SampleFiles\Testing\Gmail\account.mbox = SampleFiles\Testing\Gmail\account.mbox
	EndProjectSection
EndProject
Project("{2150E333-8FDC-42A3-9474-1A3956D46DE8}") = "Eml", "Eml", "{8FB491B3-25AD-4030-841E-DDD0C013ECF2}"
EndProject
Project("{2150E333-8FDC-42A3-9474-1A3956D46DE8}") = "Inbox", "Inbox", "{875C3A9E-A15D-4BF2-92E6-3C8560AB70B6}"
	ProjectSection(SolutionItems) = preProject
		SampleFiles\Testing\Gmail\eml\Inbox\2016-06-23 135245 d87d0cbbd2.eml = SampleFiles\Testing\Gmail\eml\Inbox\2016-06-23 135245 d87d0cbbd2.eml
		SampleFiles\Testing\Gmail\eml\Inbox\2016-06-23 143920 d3eb274969.eml = SampleFiles\Testing\Gmail\eml\Inbox\2016-06-23 143920 d3eb274969.eml
		SampleFiles\Testing\Gmail\eml\Inbox\2016-06-23 144430 6e449c77fe.eml = SampleFiles\Testing\Gmail\eml\Inbox\2016-06-23 144430 6e449c77fe.eml
		SampleFiles\Testing\Gmail\eml\Inbox\2016-06-23 144639 d627b3688c.eml = SampleFiles\Testing\Gmail\eml\Inbox\2016-06-23 144639 d627b3688c.eml
		SampleFiles\Testing\Gmail\eml\Inbox\2016-06-23 144948 8b74b0f424.eml = SampleFiles\Testing\Gmail\eml\Inbox\2016-06-23 144948 8b74b0f424.eml
		SampleFiles\Testing\Gmail\eml\Inbox\2016-06-23 150335 1afc8c5c00.eml = SampleFiles\Testing\Gmail\eml\Inbox\2016-06-23 150335 1afc8c5c00.eml
		SampleFiles\Testing\Gmail\eml\Inbox\2016-06-23 150343 4cb649c696.eml = SampleFiles\Testing\Gmail\eml\Inbox\2016-06-23 150343 4cb649c696.eml
		SampleFiles\Testing\Gmail\eml\Inbox\2016-06-23 150504 edd1251f1a.eml = SampleFiles\Testing\Gmail\eml\Inbox\2016-06-23 150504 edd1251f1a.eml
		SampleFiles\Testing\Gmail\eml\Inbox\2016-06-23 150612 38aecd04a3.eml = SampleFiles\Testing\Gmail\eml\Inbox\2016-06-23 150612 38aecd04a3.eml
		SampleFiles\Testing\Gmail\eml\Inbox\2016-06-23 153133 5cca86bb74.eml = SampleFiles\Testing\Gmail\eml\Inbox\2016-06-23 153133 5cca86bb74.eml
		SampleFiles\Testing\Gmail\eml\Inbox\2016-06-23 205515 00f0817081.eml = SampleFiles\Testing\Gmail\eml\Inbox\2016-06-23 205515 00f0817081.eml
		SampleFiles\Testing\Gmail\eml\Inbox\2016-06-23 235056 5bde667aed.eml = SampleFiles\Testing\Gmail\eml\Inbox\2016-06-23 235056 5bde667aed.eml
		SampleFiles\Testing\Gmail\eml\Inbox\2016-06-24 002410 57b3136fd3.eml = SampleFiles\Testing\Gmail\eml\Inbox\2016-06-24 002410 57b3136fd3.eml
		SampleFiles\Testing\Gmail\eml\Inbox\2016-06-24 013942 d33025bdd8.eml = SampleFiles\Testing\Gmail\eml\Inbox\2016-06-24 013942 d33025bdd8.eml
		SampleFiles\Testing\Gmail\eml\Inbox\2016-06-24 132007 143d8c2f88.eml = SampleFiles\Testing\Gmail\eml\Inbox\2016-06-24 132007 143d8c2f88.eml
		SampleFiles\Testing\Gmail\eml\Inbox\2016-06-24 140554 2f4ed1fba0.eml = SampleFiles\Testing\Gmail\eml\Inbox\2016-06-24 140554 2f4ed1fba0.eml
		SampleFiles\Testing\Gmail\eml\Inbox\2016-06-25 160232 524d4ff1a2.eml = SampleFiles\Testing\Gmail\eml\Inbox\2016-06-25 160232 524d4ff1a2.eml
		SampleFiles\Testing\Gmail\eml\Inbox\2016-06-26 015816 d0622f5246.eml = SampleFiles\Testing\Gmail\eml\Inbox\2016-06-26 015816 d0622f5246.eml
		SampleFiles\Testing\Gmail\eml\Inbox\2016-06-27 121434 e12a0aefed.eml = SampleFiles\Testing\Gmail\eml\Inbox\2016-06-27 121434 e12a0aefed.eml
		SampleFiles\Testing\Gmail\eml\Inbox\2016-06-27 124803 6bf89cd164.eml = SampleFiles\Testing\Gmail\eml\Inbox\2016-06-27 124803 6bf89cd164.eml
		SampleFiles\Testing\Gmail\eml\Inbox\2016-06-27 130821 392d2f6ddd.eml = SampleFiles\Testing\Gmail\eml\Inbox\2016-06-27 130821 392d2f6ddd.eml
		SampleFiles\Testing\Gmail\eml\Inbox\2016-06-27 170041 7e6ecc0091.eml = SampleFiles\Testing\Gmail\eml\Inbox\2016-06-27 170041 7e6ecc0091.eml
		SampleFiles\Testing\Gmail\eml\Inbox\2016-06-27 224801 93a932395e.eml = SampleFiles\Testing\Gmail\eml\Inbox\2016-06-27 224801 93a932395e.eml
		SampleFiles\Testing\Gmail\eml\Inbox\2016-06-28 122901 15f879f45e.eml = SampleFiles\Testing\Gmail\eml\Inbox\2016-06-28 122901 15f879f45e.eml
		SampleFiles\Testing\Gmail\eml\Inbox\2016-06-28 155859 0c58059afe.eml = SampleFiles\Testing\Gmail\eml\Inbox\2016-06-28 155859 0c58059afe.eml
		SampleFiles\Testing\Gmail\eml\Inbox\2016-06-28 164545 824fa49532.eml = SampleFiles\Testing\Gmail\eml\Inbox\2016-06-28 164545 824fa49532.eml
		SampleFiles\Testing\Gmail\eml\Inbox\2016-06-28 191711 840819ba17.eml = SampleFiles\Testing\Gmail\eml\Inbox\2016-06-28 191711 840819ba17.eml
		SampleFiles\Testing\Gmail\eml\Inbox\2016-06-28 214749 b8e6fd0753.eml = SampleFiles\Testing\Gmail\eml\Inbox\2016-06-28 214749 b8e6fd0753.eml
		SampleFiles\Testing\Gmail\eml\Inbox\2016-06-29 150248 4be7c596ee.eml = SampleFiles\Testing\Gmail\eml\Inbox\2016-06-29 150248 4be7c596ee.eml
		SampleFiles\Testing\Gmail\eml\Inbox\2016-06-29 170204 d8c8cd0830.eml = SampleFiles\Testing\Gmail\eml\Inbox\2016-06-29 170204 d8c8cd0830.eml
		SampleFiles\Testing\Gmail\eml\Inbox\2016-06-29 220408 c82f017866.eml = SampleFiles\Testing\Gmail\eml\Inbox\2016-06-29 220408 c82f017866.eml
		SampleFiles\Testing\Gmail\eml\Inbox\2016-06-30 123144 d31ea92982.eml = SampleFiles\Testing\Gmail\eml\Inbox\2016-06-30 123144 d31ea92982.eml
		SampleFiles\Testing\Gmail\eml\Inbox\2016-06-30 130242 f29a931413.eml = SampleFiles\Testing\Gmail\eml\Inbox\2016-06-30 130242 f29a931413.eml
		SampleFiles\Testing\Gmail\eml\Inbox\2016-06-30 131025 3f6daa85cb.eml = SampleFiles\Testing\Gmail\eml\Inbox\2016-06-30 131025 3f6daa85cb.eml
		SampleFiles\Testing\Gmail\eml\Inbox\2016-06-30 140301 2bbe2399e7.eml = SampleFiles\Testing\Gmail\eml\Inbox\2016-06-30 140301 2bbe2399e7.eml
		SampleFiles\Testing\Gmail\eml\Inbox\2016-06-30 140348 f7e31aac82.eml = SampleFiles\Testing\Gmail\eml\Inbox\2016-06-30 140348 f7e31aac82.eml
		SampleFiles\Testing\Gmail\eml\Inbox\2016-06-30 141432 5882581f21.eml = SampleFiles\Testing\Gmail\eml\Inbox\2016-06-30 141432 5882581f21.eml
		SampleFiles\Testing\Gmail\eml\Inbox\2016-06-30 161923 8c3000ca18.eml = SampleFiles\Testing\Gmail\eml\Inbox\2016-06-30 161923 8c3000ca18.eml
		SampleFiles\Testing\Gmail\eml\Inbox\2016-06-30 183345 a18ea09e42.eml = SampleFiles\Testing\Gmail\eml\Inbox\2016-06-30 183345 a18ea09e42.eml
		SampleFiles\Testing\Gmail\eml\Inbox\2016-06-30 210039 804929c466.eml = SampleFiles\Testing\Gmail\eml\Inbox\2016-06-30 210039 804929c466.eml
		SampleFiles\Testing\Gmail\eml\Inbox\2016-06-30 212458 fd453f83b3.eml = SampleFiles\Testing\Gmail\eml\Inbox\2016-06-30 212458 fd453f83b3.eml
		SampleFiles\Testing\Gmail\eml\Inbox\2016-06-30 231750 8527d23b29.eml = SampleFiles\Testing\Gmail\eml\Inbox\2016-06-30 231750 8527d23b29.eml
		SampleFiles\Testing\Gmail\eml\Inbox\2016-06-30 231827 acd919775d.eml = SampleFiles\Testing\Gmail\eml\Inbox\2016-06-30 231827 acd919775d.eml
		SampleFiles\Testing\Gmail\eml\Inbox\2016-07-01 163425 b8b89127ef.eml = SampleFiles\Testing\Gmail\eml\Inbox\2016-07-01 163425 b8b89127ef.eml
		SampleFiles\Testing\Gmail\eml\Inbox\2016-07-02 141935 bfff319f42.eml = SampleFiles\Testing\Gmail\eml\Inbox\2016-07-02 141935 bfff319f42.eml
		SampleFiles\Testing\Gmail\eml\Inbox\2016-07-02 150244 2ea4637a2c.eml = SampleFiles\Testing\Gmail\eml\Inbox\2016-07-02 150244 2ea4637a2c.eml
		SampleFiles\Testing\Gmail\eml\Inbox\2016-07-07 131331 0e5bc8bca5.eml = SampleFiles\Testing\Gmail\eml\Inbox\2016-07-07 131331 0e5bc8bca5.eml
		SampleFiles\Testing\Gmail\eml\Inbox\2016-07-11 223653 6b9ba24a9d.eml = SampleFiles\Testing\Gmail\eml\Inbox\2016-07-11 223653 6b9ba24a9d.eml
		SampleFiles\Testing\Gmail\eml\Inbox\2016-07-13 164236 aafb322a92.eml = SampleFiles\Testing\Gmail\eml\Inbox\2016-07-13 164236 aafb322a92.eml
		SampleFiles\Testing\Gmail\eml\Inbox\2016-07-14 141155 2438c6bb93.eml = SampleFiles\Testing\Gmail\eml\Inbox\2016-07-14 141155 2438c6bb93.eml
		SampleFiles\Testing\Gmail\eml\Inbox\2016-07-16 134058 563f11c189.eml = SampleFiles\Testing\Gmail\eml\Inbox\2016-07-16 134058 563f11c189.eml
		SampleFiles\Testing\Gmail\eml\Inbox\2016-07-18 162904 afca06ebc4.eml = SampleFiles\Testing\Gmail\eml\Inbox\2016-07-18 162904 afca06ebc4.eml
		SampleFiles\Testing\Gmail\eml\Inbox\2016-07-19 130648 98cc1deb88.eml = SampleFiles\Testing\Gmail\eml\Inbox\2016-07-19 130648 98cc1deb88.eml
		SampleFiles\Testing\Gmail\eml\Inbox\2016-07-19 145827 cc64cf08fc.eml = SampleFiles\Testing\Gmail\eml\Inbox\2016-07-19 145827 cc64cf08fc.eml
		SampleFiles\Testing\Gmail\eml\Inbox\2016-07-19 220743 dd28fe3f0f.eml = SampleFiles\Testing\Gmail\eml\Inbox\2016-07-19 220743 dd28fe3f0f.eml
		SampleFiles\Testing\Gmail\eml\Inbox\2016-07-20 130718 e447faac26.eml = SampleFiles\Testing\Gmail\eml\Inbox\2016-07-20 130718 e447faac26.eml
		SampleFiles\Testing\Gmail\eml\Inbox\2016-07-20 200828 dab35daf95.eml = SampleFiles\Testing\Gmail\eml\Inbox\2016-07-20 200828 dab35daf95.eml
		SampleFiles\Testing\Gmail\eml\Inbox\2016-07-20 214008 1473540cce.eml = SampleFiles\Testing\Gmail\eml\Inbox\2016-07-20 214008 1473540cce.eml
		SampleFiles\Testing\Gmail\eml\Inbox\2016-07-21 000621 832c71409d.eml = SampleFiles\Testing\Gmail\eml\Inbox\2016-07-21 000621 832c71409d.eml
		SampleFiles\Testing\Gmail\eml\Inbox\2016-07-22 035203 3902abb8f5.eml = SampleFiles\Testing\Gmail\eml\Inbox\2016-07-22 035203 3902abb8f5.eml
		SampleFiles\Testing\Gmail\eml\Inbox\2016-07-22 140020 82b1e64d2c.eml = SampleFiles\Testing\Gmail\eml\Inbox\2016-07-22 140020 82b1e64d2c.eml
		SampleFiles\Testing\Gmail\eml\Inbox\2016-07-22 160801 61b3593491.eml = SampleFiles\Testing\Gmail\eml\Inbox\2016-07-22 160801 61b3593491.eml
		SampleFiles\Testing\Gmail\eml\Inbox\2016-07-23 013512 9ef57a7916.eml = SampleFiles\Testing\Gmail\eml\Inbox\2016-07-23 013512 9ef57a7916.eml
		SampleFiles\Testing\Gmail\eml\Inbox\2016-07-23 190233 a3fd319acb.eml = SampleFiles\Testing\Gmail\eml\Inbox\2016-07-23 190233 a3fd319acb.eml
		SampleFiles\Testing\Gmail\eml\Inbox\2016-07-25 152023 7c5fce7fb4.eml = SampleFiles\Testing\Gmail\eml\Inbox\2016-07-25 152023 7c5fce7fb4.eml
		SampleFiles\Testing\Gmail\eml\Inbox\2016-07-25 195626 341ec006e3.eml = SampleFiles\Testing\Gmail\eml\Inbox\2016-07-25 195626 341ec006e3.eml
		SampleFiles\Testing\Gmail\eml\Inbox\2016-07-25 203018 2c53b31ed1.eml = SampleFiles\Testing\Gmail\eml\Inbox\2016-07-25 203018 2c53b31ed1.eml
		SampleFiles\Testing\Gmail\eml\Inbox\2016-07-26 034046 c257004982.eml = SampleFiles\Testing\Gmail\eml\Inbox\2016-07-26 034046 c257004982.eml
		SampleFiles\Testing\Gmail\eml\Inbox\2016-07-26 131906 f95215af39.eml = SampleFiles\Testing\Gmail\eml\Inbox\2016-07-26 131906 f95215af39.eml
		SampleFiles\Testing\Gmail\eml\Inbox\2016-07-26 160441 2f5de08e23.eml = SampleFiles\Testing\Gmail\eml\Inbox\2016-07-26 160441 2f5de08e23.eml
		SampleFiles\Testing\Gmail\eml\Inbox\2016-07-27 003319 56d3291e3a.eml = SampleFiles\Testing\Gmail\eml\Inbox\2016-07-27 003319 56d3291e3a.eml
		SampleFiles\Testing\Gmail\eml\Inbox\2016-07-27 162552 4b9ebbf680.eml = SampleFiles\Testing\Gmail\eml\Inbox\2016-07-27 162552 4b9ebbf680.eml
		SampleFiles\Testing\Gmail\eml\Inbox\2016-07-27 173803 c2793d9190.eml = SampleFiles\Testing\Gmail\eml\Inbox\2016-07-27 173803 c2793d9190.eml
		SampleFiles\Testing\Gmail\eml\Inbox\2016-07-27 175306 b5b5132c6c.eml = SampleFiles\Testing\Gmail\eml\Inbox\2016-07-27 175306 b5b5132c6c.eml
		SampleFiles\Testing\Gmail\eml\Inbox\2016-07-27 180850 e01511c263.eml = SampleFiles\Testing\Gmail\eml\Inbox\2016-07-27 180850 e01511c263.eml
		SampleFiles\Testing\Gmail\eml\Inbox\2016-07-27 200129 3db907e371.eml = SampleFiles\Testing\Gmail\eml\Inbox\2016-07-27 200129 3db907e371.eml
		SampleFiles\Testing\Gmail\eml\Inbox\2016-07-28 140143 76ba6476aa.eml = SampleFiles\Testing\Gmail\eml\Inbox\2016-07-28 140143 76ba6476aa.eml
		SampleFiles\Testing\Gmail\eml\Inbox\2016-07-29 122636 23d0c16873.eml = SampleFiles\Testing\Gmail\eml\Inbox\2016-07-29 122636 23d0c16873.eml
		SampleFiles\Testing\Gmail\eml\Inbox\2016-07-29 230753 d0feee62db.eml = SampleFiles\Testing\Gmail\eml\Inbox\2016-07-29 230753 d0feee62db.eml
		SampleFiles\Testing\Gmail\eml\Inbox\2016-07-30 134125 fba8e4fe39.eml = SampleFiles\Testing\Gmail\eml\Inbox\2016-07-30 134125 fba8e4fe39.eml
		SampleFiles\Testing\Gmail\eml\Inbox\2016-07-30 163153 16d64d2a00.eml = SampleFiles\Testing\Gmail\eml\Inbox\2016-07-30 163153 16d64d2a00.eml
		SampleFiles\Testing\Gmail\eml\Inbox\2016-07-31 002136 3f7d26d2b5.eml = SampleFiles\Testing\Gmail\eml\Inbox\2016-07-31 002136 3f7d26d2b5.eml
		SampleFiles\Testing\Gmail\eml\Inbox\2016-07-31 122527 b295d5e526.eml = SampleFiles\Testing\Gmail\eml\Inbox\2016-07-31 122527 b295d5e526.eml
		SampleFiles\Testing\Gmail\eml\Inbox\2016-07-31 140600 6b696a0c5f.eml = SampleFiles\Testing\Gmail\eml\Inbox\2016-07-31 140600 6b696a0c5f.eml
		SampleFiles\Testing\Gmail\eml\Inbox\2016-07-31 141331 b1243950f6.eml = SampleFiles\Testing\Gmail\eml\Inbox\2016-07-31 141331 b1243950f6.eml
		SampleFiles\Testing\Gmail\eml\Inbox\2016-07-31 191134 5f1c440cdf.eml = SampleFiles\Testing\Gmail\eml\Inbox\2016-07-31 191134 5f1c440cdf.eml
		SampleFiles\Testing\Gmail\eml\Inbox\2016-07-31 202639 f80ce797ad.eml = SampleFiles\Testing\Gmail\eml\Inbox\2016-07-31 202639 f80ce797ad.eml
		SampleFiles\Testing\Gmail\eml\Inbox\2016-07-31 231148 388f42e107.eml = SampleFiles\Testing\Gmail\eml\Inbox\2016-07-31 231148 388f42e107.eml
		SampleFiles\Testing\Gmail\eml\Inbox\2016-08-02 210749 893af397c6.eml = SampleFiles\Testing\Gmail\eml\Inbox\2016-08-02 210749 893af397c6.eml
		SampleFiles\Testing\Gmail\eml\Inbox\2016-08-04 132506 c025b1d352.eml = SampleFiles\Testing\Gmail\eml\Inbox\2016-08-04 132506 c025b1d352.eml
		SampleFiles\Testing\Gmail\eml\Inbox\2016-08-04 153140 24852c6877.eml = SampleFiles\Testing\Gmail\eml\Inbox\2016-08-04 153140 24852c6877.eml
		SampleFiles\Testing\Gmail\eml\Inbox\2016-08-04 205050 bef8ac3703.eml = SampleFiles\Testing\Gmail\eml\Inbox\2016-08-04 205050 bef8ac3703.eml
		SampleFiles\Testing\Gmail\eml\Inbox\2016-08-05 113334 40ab5fd4d7.eml = SampleFiles\Testing\Gmail\eml\Inbox\2016-08-05 113334 40ab5fd4d7.eml
		SampleFiles\Testing\Gmail\eml\Inbox\2016-08-06 150626 677897cdba.eml = SampleFiles\Testing\Gmail\eml\Inbox\2016-08-06 150626 677897cdba.eml
		SampleFiles\Testing\Gmail\eml\Inbox\2016-08-08 114048 fca58ca02c.eml = SampleFiles\Testing\Gmail\eml\Inbox\2016-08-08 114048 fca58ca02c.eml
		SampleFiles\Testing\Gmail\eml\Inbox\2016-08-08 140347 6c2963ddb9.eml = SampleFiles\Testing\Gmail\eml\Inbox\2016-08-08 140347 6c2963ddb9.eml
		SampleFiles\Testing\Gmail\eml\Inbox\2016-08-08 162049 6ec2468526.eml = SampleFiles\Testing\Gmail\eml\Inbox\2016-08-08 162049 6ec2468526.eml
		SampleFiles\Testing\Gmail\eml\Inbox\2016-08-09 134835 d820c746b2.eml = SampleFiles\Testing\Gmail\eml\Inbox\2016-08-09 134835 d820c746b2.eml
		SampleFiles\Testing\Gmail\eml\Inbox\2016-08-09 140112 1896f53c0e.eml = SampleFiles\Testing\Gmail\eml\Inbox\2016-08-09 140112 1896f53c0e.eml
		SampleFiles\Testing\Gmail\eml\Inbox\2016-08-09 161437 8e8fa4a835.eml = SampleFiles\Testing\Gmail\eml\Inbox\2016-08-09 161437 8e8fa4a835.eml
		SampleFiles\Testing\Gmail\eml\Inbox\2016-08-09 204944 72c469f3ce.eml = SampleFiles\Testing\Gmail\eml\Inbox\2016-08-09 204944 72c469f3ce.eml
		SampleFiles\Testing\Gmail\eml\Inbox\2016-08-09 230418 2424c55793.eml = SampleFiles\Testing\Gmail\eml\Inbox\2016-08-09 230418 2424c55793.eml
		SampleFiles\Testing\Gmail\eml\Inbox\2016-08-10 210529 549e95e3bb.eml = SampleFiles\Testing\Gmail\eml\Inbox\2016-08-10 210529 549e95e3bb.eml
		SampleFiles\Testing\Gmail\eml\Inbox\2016-08-10 222009 8178d65d32.eml = SampleFiles\Testing\Gmail\eml\Inbox\2016-08-10 222009 8178d65d32.eml
		SampleFiles\Testing\Gmail\eml\Inbox\2016-08-10 225003 dc4dd252ae.eml = SampleFiles\Testing\Gmail\eml\Inbox\2016-08-10 225003 dc4dd252ae.eml
		SampleFiles\Testing\Gmail\eml\Inbox\2016-08-11 180757 4d9ce71a41.eml = SampleFiles\Testing\Gmail\eml\Inbox\2016-08-11 180757 4d9ce71a41.eml
		SampleFiles\Testing\Gmail\eml\Inbox\2016-08-11 223032 67a2a31552.eml = SampleFiles\Testing\Gmail\eml\Inbox\2016-08-11 223032 67a2a31552.eml
		SampleFiles\Testing\Gmail\eml\Inbox\2016-08-12 141143 cf69794943.eml = SampleFiles\Testing\Gmail\eml\Inbox\2016-08-12 141143 cf69794943.eml
		SampleFiles\Testing\Gmail\eml\Inbox\2016-08-15 140431 379ad27276.eml = SampleFiles\Testing\Gmail\eml\Inbox\2016-08-15 140431 379ad27276.eml
		SampleFiles\Testing\Gmail\eml\Inbox\2016-08-15 230424 f1c9e2de9f.eml = SampleFiles\Testing\Gmail\eml\Inbox\2016-08-15 230424 f1c9e2de9f.eml
		SampleFiles\Testing\Gmail\eml\Inbox\2016-08-16 162344 e2f4e37e5f.eml = SampleFiles\Testing\Gmail\eml\Inbox\2016-08-16 162344 e2f4e37e5f.eml
		SampleFiles\Testing\Gmail\eml\Inbox\2016-08-16 214646 8b07f4c10e.eml = SampleFiles\Testing\Gmail\eml\Inbox\2016-08-16 214646 8b07f4c10e.eml
		SampleFiles\Testing\Gmail\eml\Inbox\2016-08-17 120511 bdf5504b46.eml = SampleFiles\Testing\Gmail\eml\Inbox\2016-08-17 120511 bdf5504b46.eml
		SampleFiles\Testing\Gmail\eml\Inbox\2016-08-18 171917 a865931fbb.eml = SampleFiles\Testing\Gmail\eml\Inbox\2016-08-18 171917 a865931fbb.eml
		SampleFiles\Testing\Gmail\eml\Inbox\2016-08-18 171926 8fad040b22.eml = SampleFiles\Testing\Gmail\eml\Inbox\2016-08-18 171926 8fad040b22.eml
		SampleFiles\Testing\Gmail\eml\Inbox\2016-08-18 171953 3173eb8e82.eml = SampleFiles\Testing\Gmail\eml\Inbox\2016-08-18 171953 3173eb8e82.eml
		SampleFiles\Testing\Gmail\eml\Inbox\2016-08-18 172024 b5a5211cdf.eml = SampleFiles\Testing\Gmail\eml\Inbox\2016-08-18 172024 b5a5211cdf.eml
		SampleFiles\Testing\Gmail\eml\Inbox\2016-08-18 193355 0301ed9eed.eml = SampleFiles\Testing\Gmail\eml\Inbox\2016-08-18 193355 0301ed9eed.eml
		SampleFiles\Testing\Gmail\eml\Inbox\2016-08-18 194840 de7e76d614.eml = SampleFiles\Testing\Gmail\eml\Inbox\2016-08-18 194840 de7e76d614.eml
		SampleFiles\Testing\Gmail\eml\Inbox\2016-08-19 110745 7bea767ac6.eml = SampleFiles\Testing\Gmail\eml\Inbox\2016-08-19 110745 7bea767ac6.eml
		SampleFiles\Testing\Gmail\eml\Inbox\2016-08-19 120720 27be78e4bf.eml = SampleFiles\Testing\Gmail\eml\Inbox\2016-08-19 120720 27be78e4bf.eml
		SampleFiles\Testing\Gmail\eml\Inbox\2016-08-19 131300 37ac58c592.eml = SampleFiles\Testing\Gmail\eml\Inbox\2016-08-19 131300 37ac58c592.eml
		SampleFiles\Testing\Gmail\eml\Inbox\2016-08-22 122545 f917c8cb04.eml = SampleFiles\Testing\Gmail\eml\Inbox\2016-08-22 122545 f917c8cb04.eml
		SampleFiles\Testing\Gmail\eml\Inbox\2016-08-22 140143 43ac690c22.eml = SampleFiles\Testing\Gmail\eml\Inbox\2016-08-22 140143 43ac690c22.eml
		SampleFiles\Testing\Gmail\eml\Inbox\2016-08-22 182326 329d144cee.eml = SampleFiles\Testing\Gmail\eml\Inbox\2016-08-22 182326 329d144cee.eml
		SampleFiles\Testing\Gmail\eml\Inbox\2016-08-23 224617 6c956a7e96.eml = SampleFiles\Testing\Gmail\eml\Inbox\2016-08-23 224617 6c956a7e96.eml
		SampleFiles\Testing\Gmail\eml\Inbox\2016-08-24 140510 f24e5a8f24.eml = SampleFiles\Testing\Gmail\eml\Inbox\2016-08-24 140510 f24e5a8f24.eml
		SampleFiles\Testing\Gmail\eml\Inbox\2016-08-24 185803 d924e3ef0a.eml = SampleFiles\Testing\Gmail\eml\Inbox\2016-08-24 185803 d924e3ef0a.eml
		SampleFiles\Testing\Gmail\eml\Inbox\2016-08-25 122716 eb0a76b0c5.eml = SampleFiles\Testing\Gmail\eml\Inbox\2016-08-25 122716 eb0a76b0c5.eml
		SampleFiles\Testing\Gmail\eml\Inbox\2016-08-25 144629 68e47e2080.eml = SampleFiles\Testing\Gmail\eml\Inbox\2016-08-25 144629 68e47e2080.eml
		SampleFiles\Testing\Gmail\eml\Inbox\2016-08-25 160009 7cf05f7f31.eml = SampleFiles\Testing\Gmail\eml\Inbox\2016-08-25 160009 7cf05f7f31.eml
		SampleFiles\Testing\Gmail\eml\Inbox\2016-08-25 233127 ab47fec8d1.eml = SampleFiles\Testing\Gmail\eml\Inbox\2016-08-25 233127 ab47fec8d1.eml
		SampleFiles\Testing\Gmail\eml\Inbox\2016-08-26 122940 754951bca9.eml = SampleFiles\Testing\Gmail\eml\Inbox\2016-08-26 122940 754951bca9.eml
		SampleFiles\Testing\Gmail\eml\Inbox\2016-08-27 112750 f6dabf0da4.eml = SampleFiles\Testing\Gmail\eml\Inbox\2016-08-27 112750 f6dabf0da4.eml
		SampleFiles\Testing\Gmail\eml\Inbox\2016-08-27 165200 43a35fe20d.eml = SampleFiles\Testing\Gmail\eml\Inbox\2016-08-27 165200 43a35fe20d.eml
		SampleFiles\Testing\Gmail\eml\Inbox\2016-08-28 200136 60b7ea566f.eml = SampleFiles\Testing\Gmail\eml\Inbox\2016-08-28 200136 60b7ea566f.eml
		SampleFiles\Testing\Gmail\eml\Inbox\2016-08-29 184237 7df0d2db56.eml = SampleFiles\Testing\Gmail\eml\Inbox\2016-08-29 184237 7df0d2db56.eml
		SampleFiles\Testing\Gmail\eml\Inbox\2016-08-29 231307 ab1a332531.eml = SampleFiles\Testing\Gmail\eml\Inbox\2016-08-29 231307 ab1a332531.eml
		SampleFiles\Testing\Gmail\eml\Inbox\2016-08-30 135059 75d31e21e9.eml = SampleFiles\Testing\Gmail\eml\Inbox\2016-08-30 135059 75d31e21e9.eml
		SampleFiles\Testing\Gmail\eml\Inbox\2016-08-30 140209 bf26dab79c.eml = SampleFiles\Testing\Gmail\eml\Inbox\2016-08-30 140209 bf26dab79c.eml
		SampleFiles\Testing\Gmail\eml\Inbox\2016-08-30 213556 5704607f9b.eml = SampleFiles\Testing\Gmail\eml\Inbox\2016-08-30 213556 5704607f9b.eml
		SampleFiles\Testing\Gmail\eml\Inbox\2016-08-30 230356 74dd268e8e.eml = SampleFiles\Testing\Gmail\eml\Inbox\2016-08-30 230356 74dd268e8e.eml
		SampleFiles\Testing\Gmail\eml\Inbox\2016-08-31 123114 926f25184e.eml = SampleFiles\Testing\Gmail\eml\Inbox\2016-08-31 123114 926f25184e.eml
		SampleFiles\Testing\Gmail\eml\Inbox\2016-08-31 140555 2d0595987e.eml = SampleFiles\Testing\Gmail\eml\Inbox\2016-08-31 140555 2d0595987e.eml
		SampleFiles\Testing\Gmail\eml\Inbox\2016-08-31 190019 6c3a1aa084.eml = SampleFiles\Testing\Gmail\eml\Inbox\2016-08-31 190019 6c3a1aa084.eml
		SampleFiles\Testing\Gmail\eml\Inbox\2016-08-31 210734 bb07b0ed25.eml = SampleFiles\Testing\Gmail\eml\Inbox\2016-08-31 210734 bb07b0ed25.eml
		SampleFiles\Testing\Gmail\eml\Inbox\2016-08-31 224053 b6146d50d0.eml = SampleFiles\Testing\Gmail\eml\Inbox\2016-08-31 224053 b6146d50d0.eml
		SampleFiles\Testing\Gmail\eml\Inbox\2016-09-01 003648 1670bfe292.eml = SampleFiles\Testing\Gmail\eml\Inbox\2016-09-01 003648 1670bfe292.eml
		SampleFiles\Testing\Gmail\eml\Inbox\2016-09-01 141937 9cad376572.eml = SampleFiles\Testing\Gmail\eml\Inbox\2016-09-01 141937 9cad376572.eml
		SampleFiles\Testing\Gmail\eml\Inbox\2016-09-01 161825 136ac3b390.eml = SampleFiles\Testing\Gmail\eml\Inbox\2016-09-01 161825 136ac3b390.eml
		SampleFiles\Testing\Gmail\eml\Inbox\2016-09-02 144552 47a4086b54.eml = SampleFiles\Testing\Gmail\eml\Inbox\2016-09-02 144552 47a4086b54.eml
		SampleFiles\Testing\Gmail\eml\Inbox\2016-09-03 121353 b74213095a.eml = SampleFiles\Testing\Gmail\eml\Inbox\2016-09-03 121353 b74213095a.eml
		SampleFiles\Testing\Gmail\eml\Inbox\2016-09-06 123509 f07a7667c4.eml = SampleFiles\Testing\Gmail\eml\Inbox\2016-09-06 123509 f07a7667c4.eml
		SampleFiles\Testing\Gmail\eml\Inbox\2016-09-06 234735 6a817b27c2.eml = SampleFiles\Testing\Gmail\eml\Inbox\2016-09-06 234735 6a817b27c2.eml
		SampleFiles\Testing\Gmail\eml\Inbox\2016-09-07 225457 bd023f9f66.eml = SampleFiles\Testing\Gmail\eml\Inbox\2016-09-07 225457 bd023f9f66.eml
		SampleFiles\Testing\Gmail\eml\Inbox\2016-09-08 162923 7c2350c10e.eml = SampleFiles\Testing\Gmail\eml\Inbox\2016-09-08 162923 7c2350c10e.eml
		SampleFiles\Testing\Gmail\eml\Inbox\2016-09-08 212356 5e66a8b7ee.eml = SampleFiles\Testing\Gmail\eml\Inbox\2016-09-08 212356 5e66a8b7ee.eml
		SampleFiles\Testing\Gmail\eml\Inbox\2016-09-09 143324 45a0d2e916.eml = SampleFiles\Testing\Gmail\eml\Inbox\2016-09-09 143324 45a0d2e916.eml
		SampleFiles\Testing\Gmail\eml\Inbox\2016-09-10 120621 52e0702c12.eml = SampleFiles\Testing\Gmail\eml\Inbox\2016-09-10 120621 52e0702c12.eml
		SampleFiles\Testing\Gmail\eml\Inbox\2016-09-10 155838 e16284febe.eml = SampleFiles\Testing\Gmail\eml\Inbox\2016-09-10 155838 e16284febe.eml
		SampleFiles\Testing\Gmail\eml\Inbox\2016-09-11 141823 f4561fa274.eml = SampleFiles\Testing\Gmail\eml\Inbox\2016-09-11 141823 f4561fa274.eml
		SampleFiles\Testing\Gmail\eml\Inbox\2016-09-11 183448 8d6c51d365.eml = SampleFiles\Testing\Gmail\eml\Inbox\2016-09-11 183448 8d6c51d365.eml
		SampleFiles\Testing\Gmail\eml\Inbox\2016-09-12 184305 5a4af480b0.eml = SampleFiles\Testing\Gmail\eml\Inbox\2016-09-12 184305 5a4af480b0.eml
		SampleFiles\Testing\Gmail\eml\Inbox\2016-09-13 143427 2e6fb6ae96.eml = SampleFiles\Testing\Gmail\eml\Inbox\2016-09-13 143427 2e6fb6ae96.eml
		SampleFiles\Testing\Gmail\eml\Inbox\2016-09-13 161108 e461234c92.eml = SampleFiles\Testing\Gmail\eml\Inbox\2016-09-13 161108 e461234c92.eml
		SampleFiles\Testing\Gmail\eml\Inbox\2016-09-13 184904 815afc2e20.eml = SampleFiles\Testing\Gmail\eml\Inbox\2016-09-13 184904 815afc2e20.eml
		SampleFiles\Testing\Gmail\eml\Inbox\2016-09-13 225936 be45da1c94.eml = SampleFiles\Testing\Gmail\eml\Inbox\2016-09-13 225936 be45da1c94.eml
		SampleFiles\Testing\Gmail\eml\Inbox\2016-09-14 162015 492b372309.eml = SampleFiles\Testing\Gmail\eml\Inbox\2016-09-14 162015 492b372309.eml
		SampleFiles\Testing\Gmail\eml\Inbox\2016-09-14 162246 e8baa49d1d.eml = SampleFiles\Testing\Gmail\eml\Inbox\2016-09-14 162246 e8baa49d1d.eml
		SampleFiles\Testing\Gmail\eml\Inbox\2016-09-14 213433 582231eca0.eml = SampleFiles\Testing\Gmail\eml\Inbox\2016-09-14 213433 582231eca0.eml
		SampleFiles\Testing\Gmail\eml\Inbox\2016-09-14 223044 d05a0290cb.eml = SampleFiles\Testing\Gmail\eml\Inbox\2016-09-14 223044 d05a0290cb.eml
		SampleFiles\Testing\Gmail\eml\Inbox\2016-09-15 140308 e96a5f7f4d.eml = SampleFiles\Testing\Gmail\eml\Inbox\2016-09-15 140308 e96a5f7f4d.eml
		SampleFiles\Testing\Gmail\eml\Inbox\2016-09-15 173210 ae9faa9e9c.eml = SampleFiles\Testing\Gmail\eml\Inbox\2016-09-15 173210 ae9faa9e9c.eml
		SampleFiles\Testing\Gmail\eml\Inbox\2016-09-16 152331 eecc022813.eml = SampleFiles\Testing\Gmail\eml\Inbox\2016-09-16 152331 eecc022813.eml
		SampleFiles\Testing\Gmail\eml\Inbox\2016-09-16 220438 5f3ae1a2a6.eml = SampleFiles\Testing\Gmail\eml\Inbox\2016-09-16 220438 5f3ae1a2a6.eml
		SampleFiles\Testing\Gmail\eml\Inbox\2016-09-17 112442 0127da04dd.eml = SampleFiles\Testing\Gmail\eml\Inbox\2016-09-17 112442 0127da04dd.eml
		SampleFiles\Testing\Gmail\eml\Inbox\2016-09-17 161451 2b39b384c1.eml = SampleFiles\Testing\Gmail\eml\Inbox\2016-09-17 161451 2b39b384c1.eml
		SampleFiles\Testing\Gmail\eml\Inbox\2016-09-18 151755 98cbbc62e4.eml = SampleFiles\Testing\Gmail\eml\Inbox\2016-09-18 151755 98cbbc62e4.eml
		SampleFiles\Testing\Gmail\eml\Inbox\2016-09-19 130630 fe984c4a13.eml = SampleFiles\Testing\Gmail\eml\Inbox\2016-09-19 130630 fe984c4a13.eml
		SampleFiles\Testing\Gmail\eml\Inbox\2016-09-19 220525 1f7e114a07.eml = SampleFiles\Testing\Gmail\eml\Inbox\2016-09-19 220525 1f7e114a07.eml
		SampleFiles\Testing\Gmail\eml\Inbox\2016-09-21 132803 2f69689373.eml = SampleFiles\Testing\Gmail\eml\Inbox\2016-09-21 132803 2f69689373.eml
		SampleFiles\Testing\Gmail\eml\Inbox\2016-09-21 150407 a2857612ca.eml = SampleFiles\Testing\Gmail\eml\Inbox\2016-09-21 150407 a2857612ca.eml
		SampleFiles\Testing\Gmail\eml\Inbox\2016-09-21 222311 53a181776c.eml = SampleFiles\Testing\Gmail\eml\Inbox\2016-09-21 222311 53a181776c.eml
		SampleFiles\Testing\Gmail\eml\Inbox\2016-09-22 143124 7abee5e881.eml = SampleFiles\Testing\Gmail\eml\Inbox\2016-09-22 143124 7abee5e881.eml
		SampleFiles\Testing\Gmail\eml\Inbox\2016-09-22 191000 2d6e7d1943.eml = SampleFiles\Testing\Gmail\eml\Inbox\2016-09-22 191000 2d6e7d1943.eml
		SampleFiles\Testing\Gmail\eml\Inbox\2016-09-23 161347 c7e4ac12d0.eml = SampleFiles\Testing\Gmail\eml\Inbox\2016-09-23 161347 c7e4ac12d0.eml
		SampleFiles\Testing\Gmail\eml\Inbox\2016-09-23 225121 f2394d2659.eml = SampleFiles\Testing\Gmail\eml\Inbox\2016-09-23 225121 f2394d2659.eml
		SampleFiles\Testing\Gmail\eml\Inbox\2016-09-24 143748 1a7e15317f.eml = SampleFiles\Testing\Gmail\eml\Inbox\2016-09-24 143748 1a7e15317f.eml
		SampleFiles\Testing\Gmail\eml\Inbox\2016-09-24 170816 859c6bdd65.eml = SampleFiles\Testing\Gmail\eml\Inbox\2016-09-24 170816 859c6bdd65.eml
		SampleFiles\Testing\Gmail\eml\Inbox\2016-09-25 230816 0e21250d61.eml = SampleFiles\Testing\Gmail\eml\Inbox\2016-09-25 230816 0e21250d61.eml
		SampleFiles\Testing\Gmail\eml\Inbox\2016-09-26 111401 a5e5fa766e.eml = SampleFiles\Testing\Gmail\eml\Inbox\2016-09-26 111401 a5e5fa766e.eml
		SampleFiles\Testing\Gmail\eml\Inbox\2016-09-26 142219 1c3160880c.eml = SampleFiles\Testing\Gmail\eml\Inbox\2016-09-26 142219 1c3160880c.eml
		SampleFiles\Testing\Gmail\eml\Inbox\2016-09-26 145743 b19e52a8bc.eml = SampleFiles\Testing\Gmail\eml\Inbox\2016-09-26 145743 b19e52a8bc.eml
		SampleFiles\Testing\Gmail\eml\Inbox\2016-09-26 174540 103febde75.eml = SampleFiles\Testing\Gmail\eml\Inbox\2016-09-26 174540 103febde75.eml
		SampleFiles\Testing\Gmail\eml\Inbox\2016-09-26 213707 a8fe6eb25a.eml = SampleFiles\Testing\Gmail\eml\Inbox\2016-09-26 213707 a8fe6eb25a.eml
		SampleFiles\Testing\Gmail\eml\Inbox\2016-09-26 215448 d2c5a6a943.eml = SampleFiles\Testing\Gmail\eml\Inbox\2016-09-26 215448 d2c5a6a943.eml
		SampleFiles\Testing\Gmail\eml\Inbox\2016-09-27 030317 1c017a0b71.eml = SampleFiles\Testing\Gmail\eml\Inbox\2016-09-27 030317 1c017a0b71.eml
		SampleFiles\Testing\Gmail\eml\Inbox\2016-09-27 133513 f1431251c5.eml = SampleFiles\Testing\Gmail\eml\Inbox\2016-09-27 133513 f1431251c5.eml
		SampleFiles\Testing\Gmail\eml\Inbox\2016-09-27 134310 ed105dc061.eml = SampleFiles\Testing\Gmail\eml\Inbox\2016-09-27 134310 ed105dc061.eml
		SampleFiles\Testing\Gmail\eml\Inbox\2016-09-27 163338 ede0d3900a.eml = SampleFiles\Testing\Gmail\eml\Inbox\2016-09-27 163338 ede0d3900a.eml
		SampleFiles\Testing\Gmail\eml\Inbox\2016-09-27 174556 b6e43e9ddd.eml = SampleFiles\Testing\Gmail\eml\Inbox\2016-09-27 174556 b6e43e9ddd.eml
		SampleFiles\Testing\Gmail\eml\Inbox\2016-09-27 221033 9420811fe5.eml = SampleFiles\Testing\Gmail\eml\Inbox\2016-09-27 221033 9420811fe5.eml
		SampleFiles\Testing\Gmail\eml\Inbox\2016-09-27 221421 5771ab4a5e.eml = SampleFiles\Testing\Gmail\eml\Inbox\2016-09-27 221421 5771ab4a5e.eml
		SampleFiles\Testing\Gmail\eml\Inbox\2016-09-27 231609 bc6a93ce03.eml = SampleFiles\Testing\Gmail\eml\Inbox\2016-09-27 231609 bc6a93ce03.eml
		SampleFiles\Testing\Gmail\eml\Inbox\2016-09-28 115700 933b7c4cae.eml = SampleFiles\Testing\Gmail\eml\Inbox\2016-09-28 115700 933b7c4cae.eml
		SampleFiles\Testing\Gmail\eml\Inbox\2016-09-28 140329 bd7f10c571.eml = SampleFiles\Testing\Gmail\eml\Inbox\2016-09-28 140329 bd7f10c571.eml
		SampleFiles\Testing\Gmail\eml\Inbox\2016-09-28 180743 a1e194ff38.eml = SampleFiles\Testing\Gmail\eml\Inbox\2016-09-28 180743 a1e194ff38.eml
		SampleFiles\Testing\Gmail\eml\Inbox\2016-09-28 183515 9fc224a459.eml = SampleFiles\Testing\Gmail\eml\Inbox\2016-09-28 183515 9fc224a459.eml
		SampleFiles\Testing\Gmail\eml\Inbox\2016-09-28 231222 834fe6e575.eml = SampleFiles\Testing\Gmail\eml\Inbox\2016-09-28 231222 834fe6e575.eml
		SampleFiles\Testing\Gmail\eml\Inbox\2016-09-29 120453 54253b6a73.eml = SampleFiles\Testing\Gmail\eml\Inbox\2016-09-29 120453 54253b6a73.eml
		SampleFiles\Testing\Gmail\eml\Inbox\2016-09-29 124612 be0ca2039d.eml = SampleFiles\Testing\Gmail\eml\Inbox\2016-09-29 124612 be0ca2039d.eml
		SampleFiles\Testing\Gmail\eml\Inbox\2016-09-29 133708 9a04039e76.eml = SampleFiles\Testing\Gmail\eml\Inbox\2016-09-29 133708 9a04039e76.eml
		SampleFiles\Testing\Gmail\eml\Inbox\2016-09-29 202134 0e98259f75.eml = SampleFiles\Testing\Gmail\eml\Inbox\2016-09-29 202134 0e98259f75.eml
		SampleFiles\Testing\Gmail\eml\Inbox\2016-09-29 230815 7be1cc7c5b.eml = SampleFiles\Testing\Gmail\eml\Inbox\2016-09-29 230815 7be1cc7c5b.eml
		SampleFiles\Testing\Gmail\eml\Inbox\2016-09-30 130930 9953642717.eml = SampleFiles\Testing\Gmail\eml\Inbox\2016-09-30 130930 9953642717.eml
		SampleFiles\Testing\Gmail\eml\Inbox\2016-09-30 140529 a3455abf6a.eml = SampleFiles\Testing\Gmail\eml\Inbox\2016-09-30 140529 a3455abf6a.eml
		SampleFiles\Testing\Gmail\eml\Inbox\2016-09-30 142102 01ce104985.eml = SampleFiles\Testing\Gmail\eml\Inbox\2016-09-30 142102 01ce104985.eml
		SampleFiles\Testing\Gmail\eml\Inbox\2016-09-30 142557 51300504f2.eml = SampleFiles\Testing\Gmail\eml\Inbox\2016-09-30 142557 51300504f2.eml
		SampleFiles\Testing\Gmail\eml\Inbox\2016-09-30 150951 80d6485e34.eml = SampleFiles\Testing\Gmail\eml\Inbox\2016-09-30 150951 80d6485e34.eml
		SampleFiles\Testing\Gmail\eml\Inbox\2016-09-30 171806 c412e19ad6.eml = SampleFiles\Testing\Gmail\eml\Inbox\2016-09-30 171806 c412e19ad6.eml
		SampleFiles\Testing\Gmail\eml\Inbox\2016-09-30 192430 9b7b48e990.eml = SampleFiles\Testing\Gmail\eml\Inbox\2016-09-30 192430 9b7b48e990.eml
		SampleFiles\Testing\Gmail\eml\Inbox\2016-09-30 230033 fadd9f0104.eml = SampleFiles\Testing\Gmail\eml\Inbox\2016-09-30 230033 fadd9f0104.eml
		SampleFiles\Testing\Gmail\eml\Inbox\2016-09-30 231237 ffc6efe2a8.eml = SampleFiles\Testing\Gmail\eml\Inbox\2016-09-30 231237 ffc6efe2a8.eml
		SampleFiles\Testing\Gmail\eml\Inbox\2016-09-30 233519 60fad78a4d.eml = SampleFiles\Testing\Gmail\eml\Inbox\2016-09-30 233519 60fad78a4d.eml
		SampleFiles\Testing\Gmail\eml\Inbox\2016-10-01 003217 d7672f9308.eml = SampleFiles\Testing\Gmail\eml\Inbox\2016-10-01 003217 d7672f9308.eml
		SampleFiles\Testing\Gmail\eml\Inbox\2016-10-01 154211 4d939dca1c.eml = SampleFiles\Testing\Gmail\eml\Inbox\2016-10-01 154211 4d939dca1c.eml
		SampleFiles\Testing\Gmail\eml\Inbox\2016-10-01 180707 d684f93bb2.eml = SampleFiles\Testing\Gmail\eml\Inbox\2016-10-01 180707 d684f93bb2.eml
		SampleFiles\Testing\Gmail\eml\Inbox\2016-10-02 200159 c9eb405ea3.eml = SampleFiles\Testing\Gmail\eml\Inbox\2016-10-02 200159 c9eb405ea3.eml
		SampleFiles\Testing\Gmail\eml\Inbox\2016-10-02 200619 d8a4ae4bba.eml = SampleFiles\Testing\Gmail\eml\Inbox\2016-10-02 200619 d8a4ae4bba.eml
		SampleFiles\Testing\Gmail\eml\Inbox\2016-10-04 193347 171fda2e5a.eml = SampleFiles\Testing\Gmail\eml\Inbox\2016-10-04 193347 171fda2e5a.eml
		SampleFiles\Testing\Gmail\eml\Inbox\2016-10-06 193601 388c34753e.eml = SampleFiles\Testing\Gmail\eml\Inbox\2016-10-06 193601 388c34753e.eml
		SampleFiles\Testing\Gmail\eml\Inbox\2016-10-07 233542 b1308812a4.eml = SampleFiles\Testing\Gmail\eml\Inbox\2016-10-07 233542 b1308812a4.eml
		SampleFiles\Testing\Gmail\eml\Inbox\2016-10-08 151459 07154e61e5.eml = SampleFiles\Testing\Gmail\eml\Inbox\2016-10-08 151459 07154e61e5.eml
		SampleFiles\Testing\Gmail\eml\Inbox\2016-10-08 173309 268a5c91d4.eml = SampleFiles\Testing\Gmail\eml\Inbox\2016-10-08 173309 268a5c91d4.eml
		SampleFiles\Testing\Gmail\eml\Inbox\2016-10-09 201751 92ed41d757.eml = SampleFiles\Testing\Gmail\eml\Inbox\2016-10-09 201751 92ed41d757.eml
		SampleFiles\Testing\Gmail\eml\Inbox\2016-10-10 203548 1da02eb029.eml = SampleFiles\Testing\Gmail\eml\Inbox\2016-10-10 203548 1da02eb029.eml
		SampleFiles\Testing\Gmail\eml\Inbox\2016-10-10 225037 7f594bdab7.eml = SampleFiles\Testing\Gmail\eml\Inbox\2016-10-10 225037 7f594bdab7.eml
		SampleFiles\Testing\Gmail\eml\Inbox\2016-10-11 134235 3288b895c5.eml = SampleFiles\Testing\Gmail\eml\Inbox\2016-10-11 134235 3288b895c5.eml
		SampleFiles\Testing\Gmail\eml\Inbox\2016-10-11 181244 79e5f2153b.eml = SampleFiles\Testing\Gmail\eml\Inbox\2016-10-11 181244 79e5f2153b.eml
		SampleFiles\Testing\Gmail\eml\Inbox\2016-10-13 133904 694aa0628b.eml = SampleFiles\Testing\Gmail\eml\Inbox\2016-10-13 133904 694aa0628b.eml
		SampleFiles\Testing\Gmail\eml\Inbox\2016-10-13 141857 a1566edc52.eml = SampleFiles\Testing\Gmail\eml\Inbox\2016-10-13 141857 a1566edc52.eml
		SampleFiles\Testing\Gmail\eml\Inbox\2016-10-13 144841 4a68d02ffe.eml = SampleFiles\Testing\Gmail\eml\Inbox\2016-10-13 144841 4a68d02ffe.eml
		SampleFiles\Testing\Gmail\eml\Inbox\2016-10-13 170658 53d516d621.eml = SampleFiles\Testing\Gmail\eml\Inbox\2016-10-13 170658 53d516d621.eml
		SampleFiles\Testing\Gmail\eml\Inbox\2016-10-13 180533 3a9ae8bf00.eml = SampleFiles\Testing\Gmail\eml\Inbox\2016-10-13 180533 3a9ae8bf00.eml
		SampleFiles\Testing\Gmail\eml\Inbox\2016-10-14 062532 38a58b00d4.eml = SampleFiles\Testing\Gmail\eml\Inbox\2016-10-14 062532 38a58b00d4.eml
		SampleFiles\Testing\Gmail\eml\Inbox\2016-10-14 131042 e0ed649b19.eml = SampleFiles\Testing\Gmail\eml\Inbox\2016-10-14 131042 e0ed649b19.eml
		SampleFiles\Testing\Gmail\eml\Inbox\2016-10-14 170547 b604a55005.eml = SampleFiles\Testing\Gmail\eml\Inbox\2016-10-14 170547 b604a55005.eml
		SampleFiles\Testing\Gmail\eml\Inbox\2016-10-14 190634 6c7bfb00b4.eml = SampleFiles\Testing\Gmail\eml\Inbox\2016-10-14 190634 6c7bfb00b4.eml
		SampleFiles\Testing\Gmail\eml\Inbox\2016-10-14 190905 d2f67ec8c6.eml = SampleFiles\Testing\Gmail\eml\Inbox\2016-10-14 190905 d2f67ec8c6.eml
		SampleFiles\Testing\Gmail\eml\Inbox\2016-10-14 192226 c8b565e590.eml = SampleFiles\Testing\Gmail\eml\Inbox\2016-10-14 192226 c8b565e590.eml
		SampleFiles\Testing\Gmail\eml\Inbox\2016-10-15 163153 bacb0b517d.eml = SampleFiles\Testing\Gmail\eml\Inbox\2016-10-15 163153 bacb0b517d.eml
		SampleFiles\Testing\Gmail\eml\Inbox\2016-10-16 171037 e42fd93e65.eml = SampleFiles\Testing\Gmail\eml\Inbox\2016-10-16 171037 e42fd93e65.eml
		SampleFiles\Testing\Gmail\eml\Inbox\2016-10-17 072813 e0d167ba99.eml = SampleFiles\Testing\Gmail\eml\Inbox\2016-10-17 072813 e0d167ba99.eml
		SampleFiles\Testing\Gmail\eml\Inbox\2016-10-17 110522 71ef231164.eml = SampleFiles\Testing\Gmail\eml\Inbox\2016-10-17 110522 71ef231164.eml
		SampleFiles\Testing\Gmail\eml\Inbox\2016-10-17 151157 74f0226216.eml = SampleFiles\Testing\Gmail\eml\Inbox\2016-10-17 151157 74f0226216.eml
		SampleFiles\Testing\Gmail\eml\Inbox\2016-10-18 194427 0d7eb0625c.eml = SampleFiles\Testing\Gmail\eml\Inbox\2016-10-18 194427 0d7eb0625c.eml
		SampleFiles\Testing\Gmail\eml\Inbox\2016-10-18 235532 4b6a7b62b6.eml = SampleFiles\Testing\Gmail\eml\Inbox\2016-10-18 235532 4b6a7b62b6.eml
		SampleFiles\Testing\Gmail\eml\Inbox\2016-10-19 100349 fbb79d3dd4.eml = SampleFiles\Testing\Gmail\eml\Inbox\2016-10-19 100349 fbb79d3dd4.eml
		SampleFiles\Testing\Gmail\eml\Inbox\2016-10-19 133104 9b60e753a1.eml = SampleFiles\Testing\Gmail\eml\Inbox\2016-10-19 133104 9b60e753a1.eml
		SampleFiles\Testing\Gmail\eml\Inbox\2016-10-20 190532 c4bb79b344.eml = SampleFiles\Testing\Gmail\eml\Inbox\2016-10-20 190532 c4bb79b344.eml
		SampleFiles\Testing\Gmail\eml\Inbox\2016-10-20 200703 32efdb2e1c.eml = SampleFiles\Testing\Gmail\eml\Inbox\2016-10-20 200703 32efdb2e1c.eml
		SampleFiles\Testing\Gmail\eml\Inbox\2016-10-21 144231 7e7c510070.eml = SampleFiles\Testing\Gmail\eml\Inbox\2016-10-21 144231 7e7c510070.eml
		SampleFiles\Testing\Gmail\eml\Inbox\2016-10-21 164933 43cf79e55f.eml = SampleFiles\Testing\Gmail\eml\Inbox\2016-10-21 164933 43cf79e55f.eml
		SampleFiles\Testing\Gmail\eml\Inbox\2016-10-21 173104 4c1d9b3a9b.eml = SampleFiles\Testing\Gmail\eml\Inbox\2016-10-21 173104 4c1d9b3a9b.eml
		SampleFiles\Testing\Gmail\eml\Inbox\2016-10-21 194120 9e71c0b768.eml = SampleFiles\Testing\Gmail\eml\Inbox\2016-10-21 194120 9e71c0b768.eml
		SampleFiles\Testing\Gmail\eml\Inbox\2016-10-21 233856 46220f679d.eml = SampleFiles\Testing\Gmail\eml\Inbox\2016-10-21 233856 46220f679d.eml
		SampleFiles\Testing\Gmail\eml\Inbox\2016-10-22 120019 3e9a5fa42c.eml = SampleFiles\Testing\Gmail\eml\Inbox\2016-10-22 120019 3e9a5fa42c.eml
		SampleFiles\Testing\Gmail\eml\Inbox\2016-10-22 122408 6a3f72834a.eml = SampleFiles\Testing\Gmail\eml\Inbox\2016-10-22 122408 6a3f72834a.eml
		SampleFiles\Testing\Gmail\eml\Inbox\2016-10-24 110457 863671c57a.eml = SampleFiles\Testing\Gmail\eml\Inbox\2016-10-24 110457 863671c57a.eml
		SampleFiles\Testing\Gmail\eml\Inbox\2016-10-24 170804 f86c3d8f1d.eml = SampleFiles\Testing\Gmail\eml\Inbox\2016-10-24 170804 f86c3d8f1d.eml
		SampleFiles\Testing\Gmail\eml\Inbox\2016-10-24 220145 1b6fb07cef.eml = SampleFiles\Testing\Gmail\eml\Inbox\2016-10-24 220145 1b6fb07cef.eml
		SampleFiles\Testing\Gmail\eml\Inbox\2016-10-25 164718 5c4d86782f.eml = SampleFiles\Testing\Gmail\eml\Inbox\2016-10-25 164718 5c4d86782f.eml
		SampleFiles\Testing\Gmail\eml\Inbox\2016-10-25 164809 25c32cfb0a.eml = SampleFiles\Testing\Gmail\eml\Inbox\2016-10-25 164809 25c32cfb0a.eml
		SampleFiles\Testing\Gmail\eml\Inbox\2016-10-25 221159 c5f8f862bd.eml = SampleFiles\Testing\Gmail\eml\Inbox\2016-10-25 221159 c5f8f862bd.eml
		SampleFiles\Testing\Gmail\eml\Inbox\2016-10-26 090333 6129c46528.eml = SampleFiles\Testing\Gmail\eml\Inbox\2016-10-26 090333 6129c46528.eml
		SampleFiles\Testing\Gmail\eml\Inbox\2016-10-26 110534 2297d86b6a.eml = SampleFiles\Testing\Gmail\eml\Inbox\2016-10-26 110534 2297d86b6a.eml
		SampleFiles\Testing\Gmail\eml\Inbox\2016-10-26 163654 84214a57f3.eml = SampleFiles\Testing\Gmail\eml\Inbox\2016-10-26 163654 84214a57f3.eml
		SampleFiles\Testing\Gmail\eml\Inbox\2016-10-26 173015 47f43d3b19.eml = SampleFiles\Testing\Gmail\eml\Inbox\2016-10-26 173015 47f43d3b19.eml
		SampleFiles\Testing\Gmail\eml\Inbox\2016-10-26 200659 84b9383eb2.eml = SampleFiles\Testing\Gmail\eml\Inbox\2016-10-26 200659 84b9383eb2.eml
		SampleFiles\Testing\Gmail\eml\Inbox\2016-10-27 000842 22d2391597.eml = SampleFiles\Testing\Gmail\eml\Inbox\2016-10-27 000842 22d2391597.eml
		SampleFiles\Testing\Gmail\eml\Inbox\2016-10-27 230332 d3c0b080fe.eml = SampleFiles\Testing\Gmail\eml\Inbox\2016-10-27 230332 d3c0b080fe.eml
		SampleFiles\Testing\Gmail\eml\Inbox\2016-10-28 110559 9d044cebf4.eml = SampleFiles\Testing\Gmail\eml\Inbox\2016-10-28 110559 9d044cebf4.eml
		SampleFiles\Testing\Gmail\eml\Inbox\2016-10-28 151717 ffcddda0ca.eml = SampleFiles\Testing\Gmail\eml\Inbox\2016-10-28 151717 ffcddda0ca.eml
		SampleFiles\Testing\Gmail\eml\Inbox\2016-10-28 193853 724030210b.eml = SampleFiles\Testing\Gmail\eml\Inbox\2016-10-28 193853 724030210b.eml
		SampleFiles\Testing\Gmail\eml\Inbox\2016-10-28 194843 0eabda574c.eml = SampleFiles\Testing\Gmail\eml\Inbox\2016-10-28 194843 0eabda574c.eml
		SampleFiles\Testing\Gmail\eml\Inbox\2016-10-29 004610 61ee3b4556.eml = SampleFiles\Testing\Gmail\eml\Inbox\2016-10-29 004610 61ee3b4556.eml
		SampleFiles\Testing\Gmail\eml\Inbox\2016-10-29 122348 80acda753d.eml = SampleFiles\Testing\Gmail\eml\Inbox\2016-10-29 122348 80acda753d.eml
		SampleFiles\Testing\Gmail\eml\Inbox\2016-10-29 140339 db971b4366.eml = SampleFiles\Testing\Gmail\eml\Inbox\2016-10-29 140339 db971b4366.eml
		SampleFiles\Testing\Gmail\eml\Inbox\2016-10-29 150354 4a744087b6.eml = SampleFiles\Testing\Gmail\eml\Inbox\2016-10-29 150354 4a744087b6.eml
		SampleFiles\Testing\Gmail\eml\Inbox\2016-10-30 122107 f30de97d2a.eml = SampleFiles\Testing\Gmail\eml\Inbox\2016-10-30 122107 f30de97d2a.eml
		SampleFiles\Testing\Gmail\eml\Inbox\2016-10-30 181057 96ec324e07.eml = SampleFiles\Testing\Gmail\eml\Inbox\2016-10-30 181057 96ec324e07.eml
		SampleFiles\Testing\Gmail\eml\Inbox\2016-10-30 210344 31a0be5525.eml = SampleFiles\Testing\Gmail\eml\Inbox\2016-10-30 210344 31a0be5525.eml
		SampleFiles\Testing\Gmail\eml\Inbox\2016-10-31 062855 b6bfab6bca.eml = SampleFiles\Testing\Gmail\eml\Inbox\2016-10-31 062855 b6bfab6bca.eml
		SampleFiles\Testing\Gmail\eml\Inbox\2016-10-31 165057 e73fcf4526.eml = SampleFiles\Testing\Gmail\eml\Inbox\2016-10-31 165057 e73fcf4526.eml
		SampleFiles\Testing\Gmail\eml\Inbox\2016-10-31 172145 f327395da7.eml = SampleFiles\Testing\Gmail\eml\Inbox\2016-10-31 172145 f327395da7.eml
		SampleFiles\Testing\Gmail\eml\Inbox\2016-10-31 174601 7f1785c1b4.eml = SampleFiles\Testing\Gmail\eml\Inbox\2016-10-31 174601 7f1785c1b4.eml
		SampleFiles\Testing\Gmail\eml\Inbox\2016-11-01 140754 362bf36164.eml = SampleFiles\Testing\Gmail\eml\Inbox\2016-11-01 140754 362bf36164.eml
		SampleFiles\Testing\Gmail\eml\Inbox\2016-11-01 170044 900dd1de5e.eml = SampleFiles\Testing\Gmail\eml\Inbox\2016-11-01 170044 900dd1de5e.eml
		SampleFiles\Testing\Gmail\eml\Inbox\2016-11-02 100405 0ec253b46f.eml = SampleFiles\Testing\Gmail\eml\Inbox\2016-11-02 100405 0ec253b46f.eml
		SampleFiles\Testing\Gmail\eml\Inbox\2016-11-02 131116 0c1b42cf65.eml = SampleFiles\Testing\Gmail\eml\Inbox\2016-11-02 131116 0c1b42cf65.eml
		SampleFiles\Testing\Gmail\eml\Inbox\2016-11-02 141131 cf56253b65.eml = SampleFiles\Testing\Gmail\eml\Inbox\2016-11-02 141131 cf56253b65.eml
		SampleFiles\Testing\Gmail\eml\Inbox\2016-11-02 150740 a8cf932ab3.eml = SampleFiles\Testing\Gmail\eml\Inbox\2016-11-02 150740 a8cf932ab3.eml
		SampleFiles\Testing\Gmail\eml\Inbox\2016-11-03 100411 d20343a115.eml = SampleFiles\Testing\Gmail\eml\Inbox\2016-11-03 100411 d20343a115.eml
		SampleFiles\Testing\Gmail\eml\Inbox\2016-11-03 133433 4050f3dd56.eml = SampleFiles\Testing\Gmail\eml\Inbox\2016-11-03 133433 4050f3dd56.eml
		SampleFiles\Testing\Gmail\eml\Inbox\2016-11-04 100335 8da7789e5c.eml = SampleFiles\Testing\Gmail\eml\Inbox\2016-11-04 100335 8da7789e5c.eml
		SampleFiles\Testing\Gmail\eml\Inbox\2016-11-04 114620 8f45220c90.eml = SampleFiles\Testing\Gmail\eml\Inbox\2016-11-04 114620 8f45220c90.eml
		SampleFiles\Testing\Gmail\eml\Inbox\2016-11-04 130705 2e75b1dc61.eml = SampleFiles\Testing\Gmail\eml\Inbox\2016-11-04 130705 2e75b1dc61.eml
		SampleFiles\Testing\Gmail\eml\Inbox\2016-11-04 134057 91b5bf0021.eml = SampleFiles\Testing\Gmail\eml\Inbox\2016-11-04 134057 91b5bf0021.eml
		SampleFiles\Testing\Gmail\eml\Inbox\2016-11-04 160809 63ce5bf7ae.eml = SampleFiles\Testing\Gmail\eml\Inbox\2016-11-04 160809 63ce5bf7ae.eml
		SampleFiles\Testing\Gmail\eml\Inbox\2016-11-05 125013 981ef44cf6.eml = SampleFiles\Testing\Gmail\eml\Inbox\2016-11-05 125013 981ef44cf6.eml
		SampleFiles\Testing\Gmail\eml\Inbox\2016-11-05 130033 90205f9188.eml = SampleFiles\Testing\Gmail\eml\Inbox\2016-11-05 130033 90205f9188.eml
		SampleFiles\Testing\Gmail\eml\Inbox\2016-11-06 162734 6b111d8f7e.eml = SampleFiles\Testing\Gmail\eml\Inbox\2016-11-06 162734 6b111d8f7e.eml
		SampleFiles\Testing\Gmail\eml\Inbox\2016-11-07 000214 f3a4d745a2.eml = SampleFiles\Testing\Gmail\eml\Inbox\2016-11-07 000214 f3a4d745a2.eml
		SampleFiles\Testing\Gmail\eml\Inbox\2016-11-07 140251 babcf2e23d.eml = SampleFiles\Testing\Gmail\eml\Inbox\2016-11-07 140251 babcf2e23d.eml
		SampleFiles\Testing\Gmail\eml\Inbox\2016-11-07 154009 6b93de64ac.eml = SampleFiles\Testing\Gmail\eml\Inbox\2016-11-07 154009 6b93de64ac.eml
		SampleFiles\Testing\Gmail\eml\Inbox\2016-11-07 163739 de508f42b3.eml = SampleFiles\Testing\Gmail\eml\Inbox\2016-11-07 163739 de508f42b3.eml
		SampleFiles\Testing\Gmail\eml\Inbox\2016-11-07 175650 1d9579bc5a.eml = SampleFiles\Testing\Gmail\eml\Inbox\2016-11-07 175650 1d9579bc5a.eml
		SampleFiles\Testing\Gmail\eml\Inbox\2016-11-07 201417 12ab789bac.eml = SampleFiles\Testing\Gmail\eml\Inbox\2016-11-07 201417 12ab789bac.eml
		SampleFiles\Testing\Gmail\eml\Inbox\2016-11-07 201459 62f2182b98.eml = SampleFiles\Testing\Gmail\eml\Inbox\2016-11-07 201459 62f2182b98.eml
		SampleFiles\Testing\Gmail\eml\Inbox\2016-11-08 110109 6b589d6f65.eml = SampleFiles\Testing\Gmail\eml\Inbox\2016-11-08 110109 6b589d6f65.eml
		SampleFiles\Testing\Gmail\eml\Inbox\2016-11-08 112131 968890f52d.eml = SampleFiles\Testing\Gmail\eml\Inbox\2016-11-08 112131 968890f52d.eml
		SampleFiles\Testing\Gmail\eml\Inbox\2016-11-08 112527 9f6379aea8.eml = SampleFiles\Testing\Gmail\eml\Inbox\2016-11-08 112527 9f6379aea8.eml
		SampleFiles\Testing\Gmail\eml\Inbox\2016-11-08 132834 7ebd954a4d.eml = SampleFiles\Testing\Gmail\eml\Inbox\2016-11-08 132834 7ebd954a4d.eml
		SampleFiles\Testing\Gmail\eml\Inbox\2016-11-08 140250 ab872e2fc9.eml = SampleFiles\Testing\Gmail\eml\Inbox\2016-11-08 140250 ab872e2fc9.eml
		SampleFiles\Testing\Gmail\eml\Inbox\2016-11-08 141438 3bba593607.eml = SampleFiles\Testing\Gmail\eml\Inbox\2016-11-08 141438 3bba593607.eml
		SampleFiles\Testing\Gmail\eml\Inbox\2016-11-08 220236 727840751b.eml = SampleFiles\Testing\Gmail\eml\Inbox\2016-11-08 220236 727840751b.eml
		SampleFiles\Testing\Gmail\eml\Inbox\2016-11-09 221417 226c3d392e.eml = SampleFiles\Testing\Gmail\eml\Inbox\2016-11-09 221417 226c3d392e.eml
		SampleFiles\Testing\Gmail\eml\Inbox\2016-11-10 153754 4c1c26a472.eml = SampleFiles\Testing\Gmail\eml\Inbox\2016-11-10 153754 4c1c26a472.eml
		SampleFiles\Testing\Gmail\eml\Inbox\2016-11-10 195248 4d77296a84.eml = SampleFiles\Testing\Gmail\eml\Inbox\2016-11-10 195248 4d77296a84.eml
		SampleFiles\Testing\Gmail\eml\Inbox\2016-11-10 202703 2fc6c34852.eml = SampleFiles\Testing\Gmail\eml\Inbox\2016-11-10 202703 2fc6c34852.eml
	EndProjectSection
EndProject
Project("{2150E333-8FDC-42A3-9474-1A3956D46DE8}") = "Weird", "Weird", "{9BF31E2B-D115-4748-A2E3-BD77EF33F3F3}"
	ProjectSection(SolutionItems) = preProject
		SampleFiles\Testing\Weird\spam_hexa.mbox = SampleFiles\Testing\Weird\spam_hexa.mbox
		SampleFiles\Testing\Weird\virus_notif.mbox = SampleFiles\Testing\Weird\virus_notif.mbox
	EndProjectSection
EndProject
Project("{9A19103F-16F7-4668-BE54-9A1E7A4F7556}") = "EaPdfCmd", "EaPdfCmd\EaPdfCmd.csproj", "{ECF4C91E-C503-457F-99E2-BC16B91801A3}"
EndProject
Global
	GlobalSection(SolutionConfigurationPlatforms) = preSolution
		Debug|Any CPU = Debug|Any CPU
		Release|Any CPU = Release|Any CPU
	EndGlobalSection
	GlobalSection(ProjectConfigurationPlatforms) = postSolution
		{19F6A151-BC5F-48C1-80D5-1FF4E21758BA}.Debug|Any CPU.ActiveCfg = Debug|Any CPU
		{19F6A151-BC5F-48C1-80D5-1FF4E21758BA}.Debug|Any CPU.Build.0 = Debug|Any CPU
		{19F6A151-BC5F-48C1-80D5-1FF4E21758BA}.Release|Any CPU.ActiveCfg = Release|Any CPU
		{19F6A151-BC5F-48C1-80D5-1FF4E21758BA}.Release|Any CPU.Build.0 = Release|Any CPU
		{78295937-D598-42E5-B896-7948EBE30972}.Debug|Any CPU.ActiveCfg = Debug|Any CPU
		{78295937-D598-42E5-B896-7948EBE30972}.Debug|Any CPU.Build.0 = Debug|Any CPU
		{78295937-D598-42E5-B896-7948EBE30972}.Release|Any CPU.ActiveCfg = Release|Any CPU
		{78295937-D598-42E5-B896-7948EBE30972}.Release|Any CPU.Build.0 = Release|Any CPU
		{ECF4C91E-C503-457F-99E2-BC16B91801A3}.Debug|Any CPU.ActiveCfg = Debug|Any CPU
		{ECF4C91E-C503-457F-99E2-BC16B91801A3}.Debug|Any CPU.Build.0 = Debug|Any CPU
		{ECF4C91E-C503-457F-99E2-BC16B91801A3}.Release|Any CPU.ActiveCfg = Release|Any CPU
		{ECF4C91E-C503-457F-99E2-BC16B91801A3}.Release|Any CPU.Build.0 = Release|Any CPU
	EndGlobalSection
	GlobalSection(SolutionProperties) = preSolution
		HideSolutionNode = FALSE
	EndGlobalSection
	GlobalSection(NestedProjects) = preSolution
		{3ED14E52-BE9B-4856-8FCE-49A975CD029E} = {0C7BCAA5-D029-4DC8-9134-1C215F4E471E}
		{A623C912-2DD1-4DDD-A5B5-D0FD8BF7B102} = {0C7BCAA5-D029-4DC8-9134-1C215F4E471E}
		{A45E2730-0F3F-4140-ABD3-8CBE977E3BF3} = {3ED14E52-BE9B-4856-8FCE-49A975CD029E}
		{D032670D-8F79-4A35-A910-2242D0A1A430} = {0C7BCAA5-D029-4DC8-9134-1C215F4E471E}
		{8FB491B3-25AD-4030-841E-DDD0C013ECF2} = {D032670D-8F79-4A35-A910-2242D0A1A430}
		{875C3A9E-A15D-4BF2-92E6-3C8560AB70B6} = {8FB491B3-25AD-4030-841E-DDD0C013ECF2}
		{9BF31E2B-D115-4748-A2E3-BD77EF33F3F3} = {0C7BCAA5-D029-4DC8-9134-1C215F4E471E}
	EndGlobalSection
	GlobalSection(ExtensibilityGlobals) = postSolution
		SolutionGuid = {CFFF8FA0-BCE8-4554-AC69-D9397B85F72B}
	EndGlobalSection
EndGlobal
